# THIS IS AN AUTOGENERATED FILE. DO NOT EDIT THIS FILE DIRECTLY.
# yarn lockfile v1


"@types/lodash@^4.14.150":
  version "4.14.157"
  resolved "https://registry.npm.taobao.org/@types/lodash/download/@types/lodash-4.14.157.tgz?cache=0&sync_timestamp=1592997918383&other_urls=https%3A%2F%2Fregistry.npm.taobao.org%2F%40types%2Flodash%2Fdownload%2F%40types%2Flodash-4.14.157.tgz#fdac1c52448861dfde1a2e1515dbc46e54926dc8"
  integrity sha1-/awcUkSIYd/eGi4VFdvEblSSbcg=

big.js@^5.2.2:
  version "5.2.2"
  resolved "https://registry.npm.taobao.org/big.js/download/big.js-5.2.2.tgz#65f0af382f578bcdc742bd9c281e9cb2d7768328"
  integrity sha1-ZfCvOC9Xi83HQr2cKB6cstd2gyg=

crypto-js@^4.0.0:
  version "4.0.0"
  resolved "https://registry.npm.taobao.org/crypto-js/download/crypto-js-4.0.0.tgz#2904ab2677a9d042856a2ea2ef80de92e4a36dcc"
  integrity sha1-KQSrJnep0EKFai6i74DekuSjbcw=

dayjs@^1.8.29:
  version "1.8.29"
  resolved "https://registry.npm.taobao.org/dayjs/download/dayjs-1.8.29.tgz#5d23e341de6bfbd206c01136d2fb0f01877820f5"
  integrity sha1-XSPjQd5r+9IGwBE20vsPAYd4IPU=

immutable@^3.8.2:
  version "3.8.2"
  resolved "https://registry.npm.taobao.org/immutable/download/immutable-3.8.2.tgz#c2439951455bb39913daf281376f1530e104adf3"
  integrity sha1-wkOZUUVbs5kT2vKBN28VMOEErfM=

lazy.js@^0.5.1:
  version "0.5.1"
  resolved "https://registry.npm.taobao.org/lazy.js/download/lazy.js-0.5.1.tgz#9f05c27f42c66ae7f41814c9674d105efcbc432f"
  integrity sha1-nwXCf0LGauf0GBTJZ00QXvy8Qy8=

lodash@^4.17.19:
  version "4.17.19"
  resolved "https://registry.npm.taobao.org/lodash/download/lodash-4.17.19.tgz?cache=0&sync_timestamp=1594226905843&other_urls=https%3A%2F%2Fregistry.npm.taobao.org%2Flodash%2Fdownload%2Flodash-4.17.19.tgz#e48ddedbe30b3321783c5b4301fbd353bc1e4a4b"
  integrity sha1-5I3e2+MLMyF4PFtDAfvTU7weSks=

moment@^2.27.0:
  version "2.27.0"
  resolved "https://registry.npm.taobao.org/moment/download/moment-2.27.0.tgz?cache=0&sync_timestamp=1592522135420&other_urls=https%3A%2F%2Fregistry.npm.taobao.org%2Fmoment%2Fdownload%2Fmoment-2.27.0.tgz#8bff4e3e26a236220dfe3e36de756b6ebaa0105d"
  integrity sha1-i/9OPiaiNiIN/j423nVrbrqgEF0=

numeral@^2.0.6:
  version "2.0.6"
  resolved "https://registry.npm.taobao.org/numeral/download/numeral-2.0.6.tgz#4ad080936d443c2561aed9f2197efffe25f4e506"
  integrity sha1-StCAk21EPCVhrtnyGX7//iX05QY=

ramda@^0.27.0:
  version "0.27.0"
  resolved "https://registry.npm.taobao.org/ramda/download/ramda-0.27.0.tgz?cache=0&other_urls=https%3A%2F%2Fregistry.npm.taobao.org%2Framda%2Fdownload%2Framda-0.27.0.tgz#915dc29865c0800bf3f69b8fd6c279898b59de43"
  integrity sha1-kV3CmGXAgAvz9puP1sJ5iYtZ3kM=

sugar-core@^2.0.0:
  version "2.0.6"
  resolved "https://registry.npm.taobao.org/sugar-core/download/sugar-core-2.0.6.tgz#785e0cd64aa7302ea54d47bc1213efe52c006270"
  integrity sha1-eF4M1kqnMC6lTUe8EhPv5SwAYnA=

sugar@^2.0.6:
  version "2.0.6"
  resolved "https://registry.npm.taobao.org/sugar/download/sugar-2.0.6.tgz#aa08e389add27109fb35718598313e0503a4fc39"
  integrity sha1-qgjjia3ScQn7NXGFmDE+BQOk/Dk=
  dependencies:
    sugar-core "^2.0.0"

underscore@^1.12.1:
  version "1.12.1"
  resolved "https://registry.yarnpkg.com/underscore/-/underscore-1.12.1.tgz#7bb8cc9b3d397e201cf8553336d262544ead829e"
  integrity sha512-hEQt0+ZLDVUMhebKxL4x1BTtDY7bavVofhZ9KZ4aI26X9SRaE+Y3m83XUL1UP2jn8ynjndwCCpEHdUG+9pP1Tw==
