# THIS IS AN AUTOGENERATED FILE. DO NOT EDIT THIS FILE DIRECTLY.
# yarn lockfile v1


"@types/lodash@^4.14.150":
  version "4.14.157"
  resolved "https://registry.npm.taobao.org/@types/lodash/download/@types/lodash-4.14.157.tgz?cache=0&sync_timestamp=1592997918383&other_urls=https%3A%2F%2Fregistry.npm.taobao.org%2F%40types%2Flodash%2Fdownload%2F%40types%2Flodash-4.14.157.tgz#fdac1c52448861dfde1a2e1515dbc46e54926dc8"
  integrity sha1-/awcUkSIYd/eGi4VFdvEblSSbcg=

dayjs@^1.8.29:
  version "1.8.29"
  resolved "https://registry.npm.taobao.org/dayjs/download/dayjs-1.8.29.tgz#5d23e341de6bfbd206c01136d2fb0f01877820f5"
  integrity sha1-XSPjQd5r+9IGwBE20vsPAYd4IPU=

lodash@^4.17.19:
  version "4.17.19"
  resolved "https://registry.npm.taobao.org/lodash/download/lodash-4.17.19.tgz?cache=0&sync_timestamp=1594226905843&other_urls=https%3A%2F%2Fregistry.npm.taobao.org%2Flodash%2Fdownload%2Flodash-4.17.19.tgz#e48ddedbe30b3321783c5b4301fbd353bc1e4a4b"
  integrity sha1-5I3e2+MLMyF4PFtDAfvTU7weSks=

moment@^2.27.0:
  version "2.27.0"
  resolved "https://registry.npm.taobao.org/moment/download/moment-2.27.0.tgz?cache=0&sync_timestamp=1592522135420&other_urls=https%3A%2F%2Fregistry.npm.taobao.org%2Fmoment%2Fdownload%2Fmoment-2.27.0.tgz#8bff4e3e26a236220dfe3e36de756b6ebaa0105d"
  integrity sha1-i/9OPiaiNiIN/j423nVrbrqgEF0=
